// !$*UTF8*$!
{
	archiveVersion = 1;
	classes = {
	};
	objectVersion = 60;
	objects = {

/* Begin PBXBuildFile section */
		A91A1B052C33F1B00035A117 /* MonthlyApp.swift in Sources */ = {isa = PBXBuildFile; fileRef = A91A1B042C33F1B00035A117 /* MonthlyApp.swift */; };
		A91A1B072C33F1B00035A117 /* ContentView.swift in Sources */ = {isa = PBXBuildFile; fileRef = A91A1B062C33F1B00035A117 /* ContentView.swift */; };
		A91A1B092C33F1B10035A117 /* Assets.xcassets in Resources */ = {isa = PBXBuildFile; fileRef = A91A1B082C33F1B10035A117 /* Assets.xcassets */; };
		A91A1B0C2C33F1B10035A117 /* Preview Assets.xcassets in Resources */ = {isa = PBXBuildFile; fileRef = A91A1B0B2C33F1B10035A117 /* Preview Assets.xcassets */; };
		A91A1B192C33F2240035A117 /* WidgetKit.framework in Frameworks */ = {isa = PBXBuildFile; fileRef = A91A1B182C33F2240035A117 /* WidgetKit.framework */; };
		A91A1B1B2C33F2240035A117 /* SwiftUI.framework in Frameworks */ = {isa = PBXBuildFile; fileRef = A91A1B1A2C33F2240035A117 /* SwiftUI.framework */; };
		A91A1B1E2C33F2240035A117 /* MonthlyWidgetBundle.swift in Sources */ = {isa = PBXBuildFile; fileRef = A91A1B1D2C33F2240035A117 /* MonthlyWidgetBundle.swift */; };
		A91A1B202C33F2240035A117 /* MonthlyWidget.swift in Sources */ = {isa = PBXBuildFile; fileRef = A91A1B1F2C33F2240035A117 /* MonthlyWidget.swift */; };
		A91A1B222C33F2260035A117 /* Assets.xcassets in Resources */ = {isa = PBXBuildFile; fileRef = A91A1B212C33F2260035A117 /* Assets.xcassets */; };
		A91A1B262C33F2260035A117 /* MonthlyWidgetExtension.appex in Embed Foundation Extensions */ = {isa = PBXBuildFile; fileRef = A91A1B162C33F2240035A117 /* MonthlyWidgetExtension.appex */; settings = {ATTRIBUTES = (RemoveHeadersOnCopy, ); }; };
		A9FA90B12C3825FF009532FA /* MonthConfig.swift in Sources */ = {isa = PBXBuildFile; fileRef = A9FA90B02C3825FF009532FA /* MonthConfig.swift */; };
		A9FA90B42C382875009532FA /* Colors+Ext.swift in Sources */ = {isa = PBXBuildFile; fileRef = A9FA90B32C382875009532FA /* Colors+Ext.swift */; };
/* End PBXBuildFile section */

/* Begin PBXContainerItemProxy section */
		A91A1B242C33F2260035A117 /* PBXContainerItemProxy */ = {
			isa = PBXContainerItemProxy;
			containerPortal = A91A1AF92C33F1B00035A117 /* Project object */;
			proxyType = 1;
			remoteGlobalIDString = A91A1B152C33F2240035A117;
			remoteInfo = MonthlyWidgetExtension;
		};
/* End PBXContainerItemProxy section */

/* Begin PBXCopyFilesBuildPhase section */
		A91A1B2A2C33F2260035A117 /* Embed Foundation Extensions */ = {
			isa = PBXCopyFilesBuildPhase;
			buildActionMask = 2147483647;
			dstPath = "";
			dstSubfolderSpec = 13;
			files = (
				A91A1B262C33F2260035A117 /* MonthlyWidgetExtension.appex in Embed Foundation Extensions */,
			);
			name = "Embed Foundation Extensions";
			runOnlyForDeploymentPostprocessing = 0;
		};
/* End PBXCopyFilesBuildPhase section */

/* Begin PBXFileReference section */
		A91A1B012C33F1B00035A117 /* Monthly.app */ = {isa = PBXFileReference; explicitFileType = wrapper.application; includeInIndex = 0; path = Monthly.app; sourceTree = BUILT_PRODUCTS_DIR; };
		A91A1B042C33F1B00035A117 /* MonthlyApp.swift */ = {isa = PBXFileReference; lastKnownFileType = sourcecode.swift; path = MonthlyApp.swift; sourceTree = "<group>"; };
		A91A1B062C33F1B00035A117 /* ContentView.swift */ = {isa = PBXFileReference; lastKnownFileType = sourcecode.swift; path = ContentView.swift; sourceTree = "<group>"; };
		A91A1B082C33F1B10035A117 /* Assets.xcassets */ = {isa = PBXFileReference; lastKnownFileType = folder.assetcatalog; path = Assets.xcassets; sourceTree = "<group>"; };
		A91A1B0B2C33F1B10035A117 /* Preview Assets.xcassets */ = {isa = PBXFileReference; lastKnownFileType = folder.assetcatalog; path = "Preview Assets.xcassets"; sourceTree = "<group>"; };
		A91A1B162C33F2240035A117 /* MonthlyWidgetExtension.appex */ = {isa = PBXFileReference; explicitFileType = "wrapper.app-extension"; includeInIndex = 0; path = MonthlyWidgetExtension.appex; sourceTree = BUILT_PRODUCTS_DIR; };
		A91A1B182C33F2240035A117 /* WidgetKit.framework */ = {isa = PBXFileReference; lastKnownFileType = wrapper.framework; name = WidgetKit.framework; path = System/Library/Frameworks/WidgetKit.framework; sourceTree = SDKROOT; };
		A91A1B1A2C33F2240035A117 /* SwiftUI.framework */ = {isa = PBXFileReference; lastKnownFileType = wrapper.framework; name = SwiftUI.framework; path = System/Library/Frameworks/SwiftUI.framework; sourceTree = SDKROOT; };
		A91A1B1D2C33F2240035A117 /* MonthlyWidgetBundle.swift */ = {isa = PBXFileReference; lastKnownFileType = sourcecode.swift; path = MonthlyWidgetBundle.swift; sourceTree = "<group>"; };
		A91A1B1F2C33F2240035A117 /* MonthlyWidget.swift */ = {isa = PBXFileReference; lastKnownFileType = sourcecode.swift; path = MonthlyWidget.swift; sourceTree = "<group>"; };
		A91A1B212C33F2260035A117 /* Assets.xcassets */ = {isa = PBXFileReference; lastKnownFileType = folder.assetcatalog; path = Assets.xcassets; sourceTree = "<group>"; };
		A91A1B232C33F2260035A117 /* Info.plist */ = {isa = PBXFileReference; lastKnownFileType = text.plist.xml; path = Info.plist; sourceTree = "<group>"; };
		A9758E522C4A541E00EF7865 /* Info.plist */ = {isa = PBXFileReference; lastKnownFileType = text.plist; path = Info.plist; sourceTree = "<group>"; };
		A9FA90B02C3825FF009532FA /* MonthConfig.swift */ = {isa = PBXFileReference; lastKnownFileType = sourcecode.swift; path = MonthConfig.swift; sourceTree = "<group>"; };
		A9FA90B32C382875009532FA /* Colors+Ext.swift */ = {isa = PBXFileReference; lastKnownFileType = sourcecode.swift; path = "Colors+Ext.swift"; sourceTree = "<group>"; };
/* End PBXFileReference section */

/* Begin PBXFrameworksBuildPhase section */
		A91A1AFE2C33F1B00035A117 /* Frameworks */ = {
			isa = PBXFrameworksBuildPhase;
			buildActionMask = 2147483647;
			files = (
			);
			runOnlyForDeploymentPostprocessing = 0;
		};
		A91A1B132C33F2240035A117 /* Frameworks */ = {
			isa = PBXFrameworksBuildPhase;
			buildActionMask = 2147483647;
			files = (
				A91A1B1B2C33F2240035A117 /* SwiftUI.framework in Frameworks */,
				A91A1B192C33F2240035A117 /* WidgetKit.framework in Frameworks */,
			);
			runOnlyForDeploymentPostprocessing = 0;
		};
/* End PBXFrameworksBuildPhase section */

/* Begin PBXGroup section */
		A91A1AF82C33F1B00035A117 = {
			isa = PBXGroup;
			children = (
				A91A1B032C33F1B00035A117 /* Monthly */,
				A91A1B1C2C33F2240035A117 /* MonthlyWidget */,
				A91A1B172C33F2240035A117 /* Frameworks */,
				A91A1B022C33F1B00035A117 /* Products */,
			);
			sourceTree = "<group>";
		};
		A91A1B022C33F1B00035A117 /* Products */ = {
			isa = PBXGroup;
			children = (
				A91A1B012C33F1B00035A117 /* Monthly.app */,
				A91A1B162C33F2240035A117 /* MonthlyWidgetExtension.appex */,
			);
			name = Products;
			sourceTree = "<group>";
		};
		A91A1B032C33F1B00035A117 /* Monthly */ = {
			isa = PBXGroup;
			children = (
				A9758E522C4A541E00EF7865 /* Info.plist */,
				A91A1B042C33F1B00035A117 /* MonthlyApp.swift */,
				A91A1B062C33F1B00035A117 /* ContentView.swift */,
				A91A1B082C33F1B10035A117 /* Assets.xcassets */,
				A91A1B0A2C33F1B10035A117 /* Preview Content */,
			);
			path = Monthly;
			sourceTree = "<group>";
		};
		A91A1B0A2C33F1B10035A117 /* Preview Content */ = {
			isa = PBXGroup;
			children = (
				A91A1B0B2C33F1B10035A117 /* Preview Assets.xcassets */,
			);
			path = "Preview Content";
			sourceTree = "<group>";
		};
		A91A1B172C33F2240035A117 /* Frameworks */ = {
			isa = PBXGroup;
			children = (
				A91A1B182C33F2240035A117 /* WidgetKit.framework */,
				A91A1B1A2C33F2240035A117 /* SwiftUI.framework */,
			);
			name = Frameworks;
			sourceTree = "<group>";
		};
		A91A1B1C2C33F2240035A117 /* MonthlyWidget */ = {
			isa = PBXGroup;
			children = (
				A91A1B1D2C33F2240035A117 /* MonthlyWidgetBundle.swift */,
				A91A1B1F2C33F2240035A117 /* MonthlyWidget.swift */,
				A91A1B212C33F2260035A117 /* Assets.xcassets */,
				A91A1B232C33F2260035A117 /* Info.plist */,
				A9FA90B02C3825FF009532FA /* MonthConfig.swift */,
				A9FA90B32C382875009532FA /* Colors+Ext.swift */,
			);
			path = MonthlyWidget;
			sourceTree = "<group>";
		};
/* End PBXGroup section */

/* Begin PBXNativeTarget section */
		A91A1B002C33F1B00035A117 /* Monthly */ = {
			isa = PBXNativeTarget;
			buildConfigurationList = A91A1B0F2C33F1B10035A117 /* Build configuration list for PBXNativeTarget "Monthly" */;
			buildPhases = (
				A91A1AFD2C33F1B00035A117 /* Sources */,
				A91A1AFE2C33F1B00035A117 /* Frameworks */,
				A91A1AFF2C33F1B00035A117 /* Resources */,
				A91A1B2A2C33F2260035A117 /* Embed Foundation Extensions */,
			);
			buildRules = (
			);
			dependencies = (
				A91A1B252C33F2260035A117 /* PBXTargetDependency */,
			);
			name = Monthly;
			productName = Monthly;
			productReference = A91A1B012C33F1B00035A117 /* Monthly.app */;
			productType = "com.apple.product-type.application";
		};
		A91A1B152C33F2240035A117 /* MonthlyWidgetExtension */ = {
			isa = PBXNativeTarget;
			buildConfigurationList = A91A1B272C33F2260035A117 /* Build configuration list for PBXNativeTarget "MonthlyWidgetExtension" */;
			buildPhases = (
				A91A1B122C33F2240035A117 /* Sources */,
				A91A1B132C33F2240035A117 /* Frameworks */,
				A91A1B142C33F2240035A117 /* Resources */,
			);
			buildRules = (
			);
			dependencies = (
			);
			name = MonthlyWidgetExtension;
			productName = MonthlyWidgetExtension;
			productReference = A91A1B162C33F2240035A117 /* MonthlyWidgetExtension.appex */;
			productType = "com.apple.product-type.app-extension";
		};
/* End PBXNativeTarget section */

/* Begin PBXProject section */
		A91A1AF92C33F1B00035A117 /* Project object */ = {
			isa = PBXProject;
			attributes = {
				BuildIndependentTargetsInParallel = 1;
				LastSwiftUpdateCheck = 1600;
				LastUpgradeCheck = 1600;
				TargetAttributes = {
					A91A1B002C33F1B00035A117 = {
						CreatedOnToolsVersion = 16.0;
					};
					A91A1B152C33F2240035A117 = {
						CreatedOnToolsVersion = 16.0;
					};
				};
			};
			buildConfigurationList = A91A1AFC2C33F1B00035A117 /* Build configuration list for PBXProject "Monthly" */;
			compatibilityVersion = "Xcode 15.0";
			developmentRegion = en;
			hasScannedForEncodings = 0;
			knownRegions = (
				en,
				Base,
			);
			mainGroup = A91A1AF82C33F1B00035A117;
			productRefGroup = A91A1B022C33F1B00035A117 /* Products */;
			projectDirPath = "";
			projectRoot = "";
			targets = (
				A91A1B002C33F1B00035A117 /* Monthly */,
				A91A1B152C33F2240035A117 /* MonthlyWidgetExtension */,
			);
		};
/* End PBXProject section */

/* Begin PBXResourcesBuildPhase section */
		A91A1AFF2C33F1B00035A117 /* Resources */ = {
			isa = PBXResourcesBuildPhase;
			buildActionMask = 2147483647;
			files = (
				A91A1B0C2C33F1B10035A117 /* Preview Assets.xcassets in Resources */,
				A91A1B092C33F1B10035A117 /* Assets.xcassets in Resources */,
			);
			runOnlyForDeploymentPostprocessing = 0;
		};
		A91A1B142C33F2240035A117 /* Resources */ = {
			isa = PBXResourcesBuildPhase;
			buildActionMask = 2147483647;
			files = (
				A91A1B222C33F2260035A117 /* Assets.xcassets in Resources */,
			);
			runOnlyForDeploymentPostprocessing = 0;
		};
/* End PBXResourcesBuildPhase section */

/* Begin PBXSourcesBuildPhase section */
		A91A1AFD2C33F1B00035A117 /* Sources */ = {
			isa = PBXSourcesBuildPhase;
			buildActionMask = 2147483647;
			files = (
				A91A1B072C33F1B00035A117 /* ContentView.swift in Sources */,
				A91A1B052C33F1B00035A117 /* MonthlyApp.swift in Sources */,
			);
			runOnlyForDeploymentPostprocessing = 0;
		};
		A91A1B122C33F2240035A117 /* Sources */ = {
			isa = PBXSourcesBuildPhase;
			buildActionMask = 2147483647;
			files = (
				A91A1B1E2C33F2240035A117 /* MonthlyWidgetBundle.swift in Sources */,
				A9FA90B42C382875009532FA /* Colors+Ext.swift in Sources */,
				A9FA90B12C3825FF009532FA /* MonthConfig.swift in Sources */,
				A91A1B202C33F2240035A117 /* MonthlyWidget.swift in Sources */,
			);
			runOnlyForDeploymentPostprocessing = 0;
		};
/* End PBXSourcesBuildPhase section */

/* Begin PBXTargetDependency section */
		A91A1B252C33F2260035A117 /* PBXTargetDependency */ = {
			isa = PBXTargetDependency;
			target = A91A1B152C33F2240035A117 /* MonthlyWidgetExtension */;
			targetProxy = A91A1B242C33F2260035A117 /* PBXContainerItemProxy */;
		};
/* End PBXTargetDependency section */

/* Begin XCBuildConfiguration section */
		A91A1B0D2C33F1B10035A117 /* Debug */ = {
			isa = XCBuildConfiguration;
			buildSettings = {
				ALWAYS_SEARCH_USER_PATHS = NO;
				ASSETCATALOG_COMPILER_GENERATE_SWIFT_ASSET_SYMBOL_EXTENSIONS = YES;
				CLANG_ANALYZER_NONNULL = YES;
				CLANG_ANALYZER_NUMBER_OBJECT_CONVERSION = YES_AGGRESSIVE;
				CLANG_CXX_LANGUAGE_STANDARD = "gnu++20";
				CLANG_ENABLE_MODULES = YES;
				CLANG_ENABLE_OBJC_ARC = YES;
				CLANG_ENABLE_OBJC_WEAK = YES;
				CLANG_WARN_BLOCK_CAPTURE_AUTORELEASING = YES;
				CLANG_WARN_BOOL_CONVERSION = YES;
				CLANG_WARN_COMMA = YES;
				CLANG_WARN_CONSTANT_CONVERSION = YES;
				CLANG_WARN_DEPRECATED_OBJC_IMPLEMENTATIONS = YES;
				CLANG_WARN_DIRECT_OBJC_ISA_USAGE = YES_ERROR;
				CLANG_WARN_DOCUMENTATION_COMMENTS = YES;
				CLANG_WARN_EMPTY_BODY = YES;
				CLANG_WARN_ENUM_CONVERSION = YES;
				CLANG_WARN_INFINITE_RECURSION = YES;
				CLANG_WARN_INT_CONVERSION = YES;
				CLANG_WARN_NON_LITERAL_NULL_CONVERSION = YES;
				CLANG_WARN_OBJC_IMPLICIT_RETAIN_SELF = YES;
				CLANG_WARN_OBJC_LITERAL_CONVERSION = YES;
				CLANG_WARN_OBJC_ROOT_CLASS = YES_ERROR;
				CLANG_WARN_QUOTED_INCLUDE_IN_FRAMEWORK_HEADER = YES;
				CLANG_WARN_RANGE_LOOP_ANALYSIS = YES;
				CLANG_WARN_STRICT_PROTOTYPES = YES;
				CLANG_WARN_SUSPICIOUS_MOVE = YES;
				CLANG_WARN_UNGUARDED_AVAILABILITY = YES_AGGRESSIVE;
				CLANG_WARN_UNREACHABLE_CODE = YES;
				CLANG_WARN__DUPLICATE_METHOD_MATCH = YES;
				COPY_PHASE_STRIP = NO;
				DEBUG_INFORMATION_FORMAT = dwarf;
				ENABLE_STRICT_OBJC_MSGSEND = YES;
				ENABLE_TESTABILITY = YES;
				ENABLE_USER_SCRIPT_SANDBOXING = YES;
				GCC_C_LANGUAGE_STANDARD = gnu17;
				GCC_DYNAMIC_NO_PIC = NO;
				GCC_NO_COMMON_BLOCKS = YES;
				GCC_OPTIMIZATION_LEVEL = 0;
				GCC_PREPROCESSOR_DEFINITIONS = (
					"DEBUG=1",
					"$(inherited)",
				);
				GCC_WARN_64_TO_32_BIT_CONVERSION = YES;
				GCC_WARN_ABOUT_RETURN_TYPE = YES_ERROR;
				GCC_WARN_UNDECLARED_SELECTOR = YES;
				GCC_WARN_UNINITIALIZED_AUTOS = YES_AGGRESSIVE;
				GCC_WARN_UNUSED_FUNCTION = YES;
				GCC_WARN_UNUSED_VARIABLE = YES;
				IPHONEOS_DEPLOYMENT_TARGET = 18.0;
				LOCALIZATION_PREFERS_STRING_CATALOGS = YES;
				MTL_ENABLE_DEBUG_INFO = INCLUDE_SOURCE;
				MTL_FAST_MATH = YES;
				ONLY_ACTIVE_ARCH = YES;
				SDKROOT = iphoneos;
				SWIFT_ACTIVE_COMPILATION_CONDITIONS = "DEBUG $(inherited)";
				SWIFT_OPTIMIZATION_LEVEL = "-Onone";
			};
			name = Debug;
		};
		A91A1B0E2C33F1B10035A117 /* Release */ = {
			isa = XCBuildConfiguration;
			buildSettings = {
				ALWAYS_SEARCH_USER_PATHS = NO;
				ASSETCATALOG_COMPILER_GENERATE_SWIFT_ASSET_SYMBOL_EXTENSIONS = YES;
				CLANG_ANALYZER_NONNULL = YES;
				CLANG_ANALYZER_NUMBER_OBJECT_CONVERSION = YES_AGGRESSIVE;
				CLANG_CXX_LANGUAGE_STANDARD = "gnu++20";
				CLANG_ENABLE_MODULES = YES;
				CLANG_ENABLE_OBJC_ARC = YES;
				CLANG_ENABLE_OBJC_WEAK = YES;
				CLANG_WARN_BLOCK_CAPTURE_AUTORELEASING = YES;
				CLANG_WARN_BOOL_CONVERSION = YES;
				CLANG_WARN_COMMA = YES;
				CLANG_WARN_CONSTANT_CONVERSION = YES;
				CLANG_WARN_DEPRECATED_OBJC_IMPLEMENTATIONS = YES;
				CLANG_WARN_DIRECT_OBJC_ISA_USAGE = YES_ERROR;
				CLANG_WARN_DOCUMENTATION_COMMENTS = YES;
				CLANG_WARN_EMPTY_BODY = YES;
				CLANG_WARN_ENUM_CONVERSION = YES;
				CLANG_WARN_INFINITE_RECURSION = YES;
				CLANG_WARN_INT_CONVERSION = YES;
				CLANG_WARN_NON_LITERAL_NULL_CONVERSION = YES;
				CLANG_WARN_OBJC_IMPLICIT_RETAIN_SELF = YES;
				CLANG_WARN_OBJC_LITERAL_CONVERSION = YES;
				CLANG_WARN_OBJC_ROOT_CLASS = YES_ERROR;
				CLANG_WARN_QUOTED_INCLUDE_IN_FRAMEWORK_HEADER = YES;
				CLANG_WARN_RANGE_LOOP_ANALYSIS = YES;
				CLANG_WARN_STRICT_PROTOTYPES = YES;
				CLANG_WARN_SUSPICIOUS_MOVE = YES;
				CLANG_WARN_UNGUARDED_AVAILABILITY = YES_AGGRESSIVE;
				CLANG_WARN_UNREACHABLE_CODE = YES;
				CLANG_WARN__DUPLICATE_METHOD_MATCH = YES;
				COPY_PHASE_STRIP = NO;
				DEBUG_INFORMATION_FORMAT = "dwarf-with-dsym";
				ENABLE_NS_ASSERTIONS = NO;
				ENABLE_STRICT_OBJC_MSGSEND = YES;
				ENABLE_USER_SCRIPT_SANDBOXING = YES;
				GCC_C_LANGUAGE_STANDARD = gnu17;
				GCC_NO_COMMON_BLOCKS = YES;
				GCC_WARN_64_TO_32_BIT_CONVERSION = YES;
				GCC_WARN_ABOUT_RETURN_TYPE = YES_ERROR;
				GCC_WARN_UNDECLARED_SELECTOR = YES;
				GCC_WARN_UNINITIALIZED_AUTOS = YES_AGGRESSIVE;
				GCC_WARN_UNUSED_FUNCTION = YES;
				GCC_WARN_UNUSED_VARIABLE = YES;
				IPHONEOS_DEPLOYMENT_TARGET = 18.0;
				LOCALIZATION_PREFERS_STRING_CATALOGS = YES;
				MTL_ENABLE_DEBUG_INFO = NO;
				MTL_FAST_MATH = YES;
				SDKROOT = iphoneos;
				SWIFT_COMPILATION_MODE = wholemodule;
				VALIDATE_PRODUCT = YES;
			};
			name = Release;
		};
		A91A1B102C33F1B10035A117 /* Debug */ = {
			isa = XCBuildConfiguration;
			buildSettings = {
				ASSETCATALOG_COMPILER_APPICON_NAME = AppIcon;
				ASSETCATALOG_COMPILER_GLOBAL_ACCENT_COLOR_NAME = AccentColor;
				CODE_SIGN_STYLE = Automatic;
				CURRENT_PROJECT_VERSION = 1;
				DEVELOPMENT_ASSET_PATHS = "\"Monthly/Preview Content\"";
				DEVELOPMENT_TEAM = B3YXFTQFW9;
				ENABLE_PREVIEWS = YES;
				GENERATE_INFOPLIST_FILE = YES;
				INFOPLIST_FILE = Monthly/Info.plist;
				INFOPLIST_KEY_UIApplicationSceneManifest_Generation = YES;
				INFOPLIST_KEY_UIApplicationSupportsIndirectInputEvents = YES;
				INFOPLIST_KEY_UILaunchScreen_Generation = YES;
				INFOPLIST_KEY_UISupportedInterfaceOrientations_iPad = "UIInterfaceOrientationPortrait UIInterfaceOrientationPortraitUpsideDown UIInterfaceOrientationLandscapeLeft UIInterfaceOrientationLandscapeRight";
				INFOPLIST_KEY_UISupportedInterfaceOrientations_iPhone = "UIInterfaceOrientationPortrait UIInterfaceOrientationLandscapeLeft UIInterfaceOrientationLandscapeRight";
				LD_RUNPATH_SEARCH_PATHS = (
					"$(inherited)",
					"@executable_path/Frameworks",
				);
				MARKETING_VERSION = 1.0;
				PRODUCT_BUNDLE_IDENTIFIER = app.blur.Monthly;
				PRODUCT_NAME = "$(TARGET_NAME)";
				SWIFT_EMIT_LOC_STRINGS = YES;
				SWIFT_VERSION = 5.0;
				TARGETED_DEVICE_FAMILY = "1,2";
			};
			name = Debug;
		};
		A91A1B112C33F1B10035A117 /* Release */ = {
			isa = XCBuildConfiguration;
			buildSettings = {
				ASSETCATALOG_COMPILER_APPICON_NAME = AppIcon;
				ASSETCATALOG_COMPILER_GLOBAL_ACCENT_COLOR_NAME = AccentColor;
				CODE_SIGN_STYLE = Automatic;
				CURRENT_PROJECT_VERSION = 1;
				DEVELOPMENT_ASSET_PATHS = "\"Monthly/Preview Content\"";
				DEVELOPMENT_TEAM = B3YXFTQFW9;
				ENABLE_PREVIEWS = YES;
				GENERATE_INFOPLIST_FILE = YES;
				INFOPLIST_FILE = Monthly/Info.plist;
				INFOPLIST_KEY_UIApplicationSceneManifest_Generation = YES;
				INFOPLIST_KEY_UIApplicationSupportsIndirectInputEvents = YES;
				INFOPLIST_KEY_UILaunchScreen_Generation = YES;
				INFOPLIST_KEY_UISupportedInterfaceOrientations_iPad = "UIInterfaceOrientationPortrait UIInterfaceOrientationPortraitUpsideDown UIInterfaceOrientationLandscapeLeft UIInterfaceOrientationLandscapeRight";
				INFOPLIST_KEY_UISupportedInterfaceOrientations_iPhone = "UIInterfaceOrientationPortrait UIInterfaceOrientationLandscapeLeft UIInterfaceOrientationLandscapeRight";
				LD_RUNPATH_SEARCH_PATHS = (
					"$(inherited)",
					"@executable_path/Frameworks",
				);
				MARKETING_VERSION = 1.0;
				PRODUCT_BUNDLE_IDENTIFIER = app.blur.Monthly;
				PRODUCT_NAME = "$(TARGET_NAME)";
				SWIFT_EMIT_LOC_STRINGS = YES;
				SWIFT_VERSION = 5.0;
				TARGETED_DEVICE_FAMILY = "1,2";
			};
			name = Release;
		};
		A91A1B282C33F2260035A117 /* Debug */ = {
			isa = XCBuildConfiguration;
			buildSettings = {
				ASSETCATALOG_COMPILER_GLOBAL_ACCENT_COLOR_NAME = AccentColor;
				ASSETCATALOG_COMPILER_WIDGET_BACKGROUND_COLOR_NAME = WidgetBackground;
				CODE_SIGN_STYLE = Automatic;
				CURRENT_PROJECT_VERSION = 1;
				DEVELOPMENT_TEAM = B3YXFTQFW9;
				GENERATE_INFOPLIST_FILE = YES;
				INFOPLIST_FILE = MonthlyWidget/Info.plist;
				INFOPLIST_KEY_CFBundleDisplayName = MonthlyWidget;
				INFOPLIST_KEY_NSHumanReadableCopyright = "";
				LD_RUNPATH_SEARCH_PATHS = (
					"$(inherited)",
					"@executable_path/Frameworks",
					"@executable_path/../../Frameworks",
				);
				MARKETING_VERSION = 1.0;
				PRODUCT_BUNDLE_IDENTIFIER = app.blur.Monthly.MonthlyWidget;
				PRODUCT_NAME = "$(TARGET_NAME)";
				SKIP_INSTALL = YES;
				SWIFT_EMIT_LOC_STRINGS = YES;
				SWIFT_VERSION = 5.0;
				TARGETED_DEVICE_FAMILY = "1,2";
			};
			name = Debug;
		};
		A91A1B292C33F2260035A117 /* Release */ = {
			isa = XCBuildConfiguration;
			buildSettings = {
				ASSETCATALOG_COMPILER_GLOBAL_ACCENT_COLOR_NAME = AccentColor;
				ASSETCATALOG_COMPILER_WIDGET_BACKGROUND_COLOR_NAME = WidgetBackground;
				CODE_SIGN_STYLE = Automatic;
				CURRENT_PROJECT_VERSION = 1;
				DEVELOPMENT_TEAM = B3YXFTQFW9;
				GENERATE_INFOPLIST_FILE = YES;
				INFOPLIST_FILE = MonthlyWidget/Info.plist;
				INFOPLIST_KEY_CFBundleDisplayName = MonthlyWidget;
				INFOPLIST_KEY_NSHumanReadableCopyright = "";
				LD_RUNPATH_SEARCH_PATHS = (
					"$(inherited)",
					"@executable_path/Frameworks",
					"@executable_path/../../Frameworks",
				);
				MARKETING_VERSION = 1.0;
				PRODUCT_BUNDLE_IDENTIFIER = app.blur.Monthly.MonthlyWidget;
				PRODUCT_NAME = "$(TARGET_NAME)";
				SKIP_INSTALL = YES;
				SWIFT_EMIT_LOC_STRINGS = YES;
				SWIFT_VERSION = 5.0;
				TARGETED_DEVICE_FAMILY = "1,2";
			};
			name = Release;
		};
/* End XCBuildConfiguration section */

/* Begin XCConfigurationList section */
		A91A1AFC2C33F1B00035A117 /* Build configuration list for PBXProject "Monthly" */ = {
			isa = XCConfigurationList;
			buildConfigurations = (
				A91A1B0D2C33F1B10035A117 /* Debug */,
				A91A1B0E2C33F1B10035A117 /* Release */,
			);
			defaultConfigurationIsVisible = 0;
			defaultConfigurationName = Release;
		};
		A91A1B0F2C33F1B10035A117 /* Build configuration list for PBXNativeTarget "Monthly" */ = {
			isa = XCConfigurationList;
			buildConfigurations = (
				A91A1B102C33F1B10035A117 /* Debug */,
				A91A1B112C33F1B10035A117 /* Release */,
			);
			defaultConfigurationIsVisible = 0;
			defaultConfigurationName = Release;
		};
		A91A1B272C33F2260035A117 /* Build configuration list for PBXNativeTarget "MonthlyWidgetExtension" */ = {
			isa = XCConfigurationList;
			buildConfigurations = (
				A91A1B282C33F2260035A117 /* Debug */,
				A91A1B292C33F2260035A117 /* Release */,
			);
			defaultConfigurationIsVisible = 0;
			defaultConfigurationName = Release;
		};
/* End XCConfigurationList section */
	};
	rootObject = A91A1AF92C33F1B00035A117 /* Project object */;
}
